<?xml version="1.0" encoding="utf-8"?>
<Project ToolsVersion="4.0" xmlns="http://schemas.microsoft.com/developer/msbuild/2003">
  <ItemGroup>
    <Filter Include="Source Files">
      <UniqueIdentifier>{4FC737F1-C7A5-4376-A066-2A32D752A2FF}</UniqueIdentifier>
      <Extensions>cpp;c;cc;cxx;def;odl;idl;hpj;bat;asm;asmx</Extensions>
    </Filter>
    <Filter Include="Header Files">
      <UniqueIdentifier>{93995380-89BD-4b04-88EB-625FBE52EBFB}</UniqueIdentifier>
      <Extensions>h;hh;hpp;hxx;hm;inl;inc;ipp;xsd</Extensions>
    </Filter>
    <Filter Include="Resource Files">
      <UniqueIdentifier>{67DA6AB6-F800-4c08-8B7A-83BB121AAD01}</UniqueIdentifier>
      <Extensions>rc;ico;cur;bmp;dlg;rc2;rct;bin;rgs;gif;jpg;jpeg;jpe;resx;tiff;tif;png;wav;mfcribbon-ms</Extensions>
    </Filter>
  </ItemGroup>
  <ItemGroup>
    <ClCompile Include="src\main.cpp">
      <Filter>Source Files</Filter>
    </ClCompile>
    <ClCompile Include="src\external\glad.c">
      <Filter>Source Files</Filter>
    </ClCompile>
    <ClCompile Include="src\external\stb_image.cpp">
      <Filter>Source Files</Filter>
    </ClCompile>
    <ClCompile Include="src\services\CInputService.cpp">
      <Filter>Source Files</Filter>
    </ClCompile>
    <ClCompile Include="src\services\CRenderService.cpp">
      <Filter>Source Files</Filter>
    </ClCompile>
    <ClCompile Include="src\services\CServicesManager.cpp">
      <Filter>Source Files</Filter>
    </ClCompile>
    <ClCompile Include="src\services\CTimeService.cpp">
      <Filter>Source Files</Filter>
    </ClCompile>
    <ClCompile Include="src\test\CTestService.cpp">
      <Filter>Source Files</Filter>
    </ClCompile>
    <ClCompile Include="src\render\CTexture2D.cpp">
      <Filter>Source Files</Filter>
    </ClCompile>
    <ClCompile Include="src\render\CShaderProgram.cpp">
      <Filter>Source Files</Filter>
    </ClCompile>
    <ClCompile Include="src\render\CMesh.cpp">
      <Filter>Source Files</Filter>
    </ClCompile>
    <ClCompile Include="src\deprecated\CDelegateOld.inl">
      <Filter>Source Files</Filter>
    </ClCompile>
    <ClCompile Include="src\files\CFile.cpp">
      <Filter>Source Files</Filter>
    </ClCompile>
    <ClCompile Include="src\maz\globals.cpp">
      <Filter>Source Files</Filter>
    </ClCompile>
    <ClCompile Include="src\maz\CGlfwHandler.cpp">
      <Filter>Source Files</Filter>
    </ClCompile>
    <ClCompile Include="src\test\test.cpp">
      <Filter>Source Files</Filter>
    </ClCompile>
    <ClCompile Include="src\maz\mazApp.cpp">
      <Filter>Source Files</Filter>
    </ClCompile>
    <ClCompile Include="src\render\CCamera.cpp">
      <Filter>Source Files</Filter>
    </ClCompile>
  </ItemGroup>
  <ItemGroup>
    <ClInclude Include="src\external\stb_image.h">
      <Filter>Header Files</Filter>
    </ClInclude>
    <ClInclude Include="src\services\CInputService.h">
      <Filter>Header Files</Filter>
    </ClInclude>
    <ClInclude Include="src\services\CRenderService.h">
      <Filter>Source Files</Filter>
    </ClInclude>
    <ClInclude Include="src\services\IService.h">
      <Filter>Header Files</Filter>
    </ClInclude>
    <ClInclude Include="src\services\CServicesManager.h">
      <Filter>Header Files</Filter>
    </ClInclude>
    <ClInclude Include="src\services\CTimeService.h">
      <Filter>Header Files</Filter>
    </ClInclude>
    <ClInclude Include="src\test\CTestService.h">
      <Filter>Header Files</Filter>
    </ClInclude>
    <ClInclude Include="src\render\CTexture2D.h">
      <Filter>Header Files</Filter>
    </ClInclude>
    <ClInclude Include="src\render\CShaderProgram.h">
      <Filter>Header Files</Filter>
    </ClInclude>
    <ClInclude Include="src\render\CMesh.h">
      <Filter>Header Files</Filter>
    </ClInclude>
    <ClInclude Include="src\deprecated\CDelegateOld.h">
      <Filter>Header Files</Filter>
    </ClInclude>
    <ClInclude Include="src\files\CFile.h">
      <Filter>Header Files</Filter>
    </ClInclude>
    <ClInclude Include="src\maz\globals.h">
      <Filter>Source Files</Filter>
    </ClInclude>
    <ClInclude Include="src\maz\config.h">
      <Filter>Source Files</Filter>
    </ClInclude>
    <ClInclude Include="src\maz\CGlfwHandler.h">
      <Filter>Header Files</Filter>
    </ClInclude>
    <ClInclude Include="src\maz\CDelegate.h">
      <Filter>Header Files</Filter>
    </ClInclude>
    <ClInclude Include="src\maz\types.h">
      <Filter>Header Files</Filter>
    </ClInclude>
    <ClInclude Include="src\test\test.h">
      <Filter>Header Files</Filter>
    </ClInclude>
    <ClInclude Include="src\maz\mazApp.h">
      <Filter>Header Files</Filter>
    </ClInclude>
    <ClInclude Include="src\render\CCamera.h">
      <Filter>Header Files</Filter>
    </ClInclude>
    <ClInclude Include="src\maz\math.h">
      <Filter>Header Files</Filter>
    </ClInclude>
  </ItemGroup>
  <ItemGroup>
    <None Include="data\alt.vs" />
    <None Include="data\alt.fs" />
    <None Include="data\texture.fs" />
    <None Include="data\texture.vs" />
    <None Include="data\basic.fs" />
    <None Include="data\basic.vs" />
    <None Include="data\default.vs" />
    <None Include="data\default.fs" />
  </ItemGroup>
</Project>